
Microsoft Visual Studio Solution File, Format Version 12.00
# Visual Studio 14
VisualStudioVersion = 14.0.25123.0
MinimumVisualStudioVersion = 10.0.40219.1
Project("{FAE04EC0-301F-11D3-BF4B-00C04F79EFBC}") = "DictionaryCollections", "DictionaryCollections\DictionaryCollections.csproj", "{5E1B34A3-97DE-4706-A3D1-5A04C89B023E}"
EndProject
Project("{FAE04EC0-301F-11D3-BF4B-00C04F79EFBC}") = "GenericCollections", "GenericCollections\GenericCollections.csproj", "{1B0C0639-DB2D-4EC8-B6BB-0E5F295BBFD2}"
EndProject
Project("{FAE04EC0-301F-11D3-BF4B-00C04F79EFBC}") = "LookupCollections", "LookupCollections\LookupCollections.csproj", "{D3A53349-6CC4-43BF-B922-389731EAAB7F}"
EndProject
Project("{FAE04EC0-301F-11D3-BF4B-00C04F79EFBC}") = "SeekAndArchive", "SeekAndArchive\SeekAndArchive.csproj", "{4F4B0A2A-3CB1-4F12-A887-4B5EE404A7B7}"
EndProject
Project("{FAE04EC0-301F-11D3-BF4B-00C04F79EFBC}") = "IsolatedStorageDemo", "IsolatedStorageDemo\IsolatedStorageDemo.csproj", "{641211B4-2B17-4331-BFF2-2FEDFE8683BD}"
EndProject
Project("{FAE04EC0-301F-11D3-BF4B-00C04F79EFBC}") = "SequentialCollections", "SequentialCollections\SequentialCollections.csproj", "{640F60B3-D2CF-45A4-A0AA-4DFA8C1679DF}"
EndProject
Global
	GlobalSection(SolutionConfigurationPlatforms) = preSolution
		Debug|Any CPU = Debug|Any CPU
		Release|Any CPU = Release|Any CPU
	EndGlobalSection
	GlobalSection(ProjectConfigurationPlatforms) = postSolution
		{5E1B34A3-97DE-4706-A3D1-5A04C89B023E}.Debug|Any CPU.ActiveCfg = Debug|Any CPU
		{5E1B34A3-97DE-4706-A3D1-5A04C89B023E}.Debug|Any CPU.Build.0 = Debug|Any CPU
		{5E1B34A3-97DE-4706-A3D1-5A04C89B023E}.Release|Any CPU.ActiveCfg = Release|Any CPU
		{5E1B34A3-97DE-4706-A3D1-5A04C89B023E}.Release|Any CPU.Build.0 = Release|Any CPU
		{1B0C0639-DB2D-4EC8-B6BB-0E5F295BBFD2}.Debug|Any CPU.ActiveCfg = Debug|Any CPU
		{1B0C0639-DB2D-4EC8-B6BB-0E5F295BBFD2}.Debug|Any CPU.Build.0 = Debug|Any CPU
		{1B0C0639-DB2D-4EC8-B6BB-0E5F295BBFD2}.Release|Any CPU.ActiveCfg = Release|Any CPU
		{1B0C0639-DB2D-4EC8-B6BB-0E5F295BBFD2}.Release|Any CPU.Build.0 = Release|Any CPU
		{D3A53349-6CC4-43BF-B922-389731EAAB7F}.Debug|Any CPU.ActiveCfg = Debug|Any CPU
		{D3A53349-6CC4-43BF-B922-389731EAAB7F}.Debug|Any CPU.Build.0 = Debug|Any CPU
		{D3A53349-6CC4-43BF-B922-389731EAAB7F}.Release|Any CPU.ActiveCfg = Release|Any CPU
		{D3A53349-6CC4-43BF-B922-389731EAAB7F}.Release|Any CPU.Build.0 = Release|Any CPU
		{4F4B0A2A-3CB1-4F12-A887-4B5EE404A7B7}.Debug|Any CPU.ActiveCfg = Debug|Any CPU
		{4F4B0A2A-3CB1-4F12-A887-4B5EE404A7B7}.Debug|Any CPU.Build.0 = Debug|Any CPU
		{4F4B0A2A-3CB1-4F12-A887-4B5EE404A7B7}.Release|Any CPU.ActiveCfg = Release|Any CPU
		{4F4B0A2A-3CB1-4F12-A887-4B5EE404A7B7}.Release|Any CPU.Build.0 = Release|Any CPU
		{641211B4-2B17-4331-BFF2-2FEDFE8683BD}.Debug|Any CPU.ActiveCfg = Debug|Any CPU
		{641211B4-2B17-4331-BFF2-2FEDFE8683BD}.Debug|Any CPU.Build.0 = Debug|Any CPU
		{641211B4-2B17-4331-BFF2-2FEDFE8683BD}.Release|Any CPU.ActiveCfg = Release|Any CPU
		{641211B4-2B17-4331-BFF2-2FEDFE8683BD}.Release|Any CPU.Build.0 = Release|Any CPU
		{640F60B3-D2CF-45A4-A0AA-4DFA8C1679DF}.Debug|Any CPU.ActiveCfg = Debug|Any CPU
		{640F60B3-D2CF-45A4-A0AA-4DFA8C1679DF}.Debug|Any CPU.Build.0 = Debug|Any CPU
		{640F60B3-D2CF-45A4-A0AA-4DFA8C1679DF}.Release|Any CPU.ActiveCfg = Release|Any CPU
		{640F60B3-D2CF-45A4-A0AA-4DFA8C1679DF}.Release|Any CPU.Build.0 = Release|Any CPU
	EndGlobalSection
	GlobalSection(SolutionProperties) = preSolution
		HideSolutionNode = FALSE
	EndGlobalSection
EndGlobal
